
Microsoft Visual Studio Solution File, Format Version 12.00
# Visual Studio 15
VisualStudioVersion = 15.0.28307.645
MinimumVisualStudioVersion = 10.0.40219.1
Project("{FAE04EC0-301F-11D3-BF4B-00C04F79EFBC}") = "CoreApi", "CoreApi\CoreApi.csproj", "{724665E0-9037-4ED3-856B-6410825B2DE4}"
EndProject
Global
	GlobalSection(SolutionConfigurationPlatforms) = preSolution
		Debug|Any CPU = Debug|Any CPU
		Release|Any CPU = Release|Any CPU
	EndGlobalSection
	GlobalSection(ProjectConfigurationPlatforms) = postSolution
		{724665E0-9037-4ED3-856B-6410825B2DE4}.Debug|Any CPU.ActiveCfg = Debug|Any CPU
		{724665E0-9037-4ED3-856B-6410825B2DE4}.Debug|Any CPU.Build.0 = Debug|Any CPU
		{724665E0-9037-4ED3-856B-6410825B2DE4}.Release|Any CPU.ActiveCfg = Release|Any CPU
		{724665E0-9037-4ED3-856B-6410825B2DE4}.Release|Any CPU.Build.0 = Release|Any CPU
	EndGlobalSection
	GlobalSection(SolutionProperties) = preSolution
		HideSolutionNode = FALSE
	EndGlobalSection
	GlobalSection(ExtensibilityGlobals) = postSolution
		SolutionGuid = {A608FD86-A657-45FD-9ECA-5501A1520ADA}
	EndGlobalSection
EndGlobal
